
Microsoft Visual Studio Solution File, Format Version 12.00
# Visual Studio Version 17
VisualStudioVersion = 17.3.32825.248
MinimumVisualStudioVersion = 10.0.40219.1
Project("{8BC9CEB8-8B4A-11D0-8D11-00A0C91BC942}") = "消除方块", "消除方块\消除方块.vcxproj", "{700008B4-737B-47A3-8B8B-68954887A39E}"
EndProject
Global
	GlobalSection(SolutionConfigurationPlatforms) = preSolution
		Debug|x64 = Debug|x64
		Debug|x86 = Debug|x86
		Release|x64 = Release|x64
		Release|x86 = Release|x86
	EndGlobalSection
	GlobalSection(ProjectConfigurationPlatforms) = postSolution
		{700008B4-737B-47A3-8B8B-68954887A39E}.Debug|x64.ActiveCfg = Debug|x64
		{700008B4-737B-47A3-8B8B-68954887A39E}.Debug|x64.Build.0 = Debug|x64
		{700008B4-737B-47A3-8B8B-68954887A39E}.Debug|x86.ActiveCfg = Debug|Win32
		{700008B4-737B-47A3-8B8B-68954887A39E}.Debug|x86.Build.0 = Debug|Win32
		{700008B4-737B-47A3-8B8B-68954887A39E}.Release|x64.ActiveCfg = Release|x64
		{700008B4-737B-47A3-8B8B-68954887A39E}.Release|x64.Build.0 = Release|x64
		{700008B4-737B-47A3-8B8B-68954887A39E}.Release|x86.ActiveCfg = Release|Win32
		{700008B4-737B-47A3-8B8B-68954887A39E}.Release|x86.Build.0 = Release|Win32
	EndGlobalSection
	GlobalSection(SolutionProperties) = preSolution
		HideSolutionNode = FALSE
	EndGlobalSection
	GlobalSection(ExtensibilityGlobals) = postSolution
		SolutionGuid = {F1399BE3-0575-42D1-B9AE-C29FC6457E38}
	EndGlobalSection
EndGlobal
